{
  "name": "secret-room-front",
  "version": "1.0.0",
  "lockfileVersion": 1,
  "requires": true,
  "dependencies": {
    "@vant/weapp": {
      "version": "1.10.12",
      "resolved": "https://repo.huaweicloud.com/repository/npm/@vant/weapp/-/weapp-1.10.12.tgz",
      "integrity": "sha512-92HtmIOdBD6gGTGhAt8/6bjPvwidgs+49/M4GhPUr9FyJ2xRUxE4d3I+zDtd+GM+v053eiuiQ6V/96DYzW/AVw=="
    },
    "mp-html": {
      "version": "2.4.1",
      "resolved": "https://registry.npmjs.org/mp-html/-/mp-html-2.4.1.tgz",
      "integrity": "sha512-io/SMZwmlqQwWuD3AwpnVslvR/Xz7xhhbAxHQ3n5ooQQQ1v2tF+ikEfyepAdOi4lUePZ70VM3hEV3EEGamkhVA=="
    }
  }
}
